
Microsoft Visual Studio Solution File, Format Version 12.00
# Visual Studio 15
VisualStudioVersion = 15.0.28307.960
MinimumVisualStudioVersion = 10.0.40219.1
Project("{FAE04EC0-301F-11D3-BF4B-00C04F79EFBC}") = "Task3", "Task3\Task3.csproj", "{DED8541B-B641-4B75-872F-59B2206D8297}"
EndProject
Global
	GlobalSection(SolutionConfigurationPlatforms) = preSolution
		Debug|Any CPU = Debug|Any CPU
		Release|Any CPU = Release|Any CPU
	EndGlobalSection
	GlobalSection(ProjectConfigurationPlatforms) = postSolution
		{DED8541B-B641-4B75-872F-59B2206D8297}.Debug|Any CPU.ActiveCfg = Debug|Any CPU
		{DED8541B-B641-4B75-872F-59B2206D8297}.Debug|Any CPU.Build.0 = Debug|Any CPU
		{DED8541B-B641-4B75-872F-59B2206D8297}.Release|Any CPU.ActiveCfg = Release|Any CPU
		{DED8541B-B641-4B75-872F-59B2206D8297}.Release|Any CPU.Build.0 = Release|Any CPU
	EndGlobalSection
	GlobalSection(SolutionProperties) = preSolution
		HideSolutionNode = FALSE
	EndGlobalSection
	GlobalSection(ExtensibilityGlobals) = postSolution
		SolutionGuid = {016C574C-F7A6-4BC2-B0F2-AED6F5D9F133}
	EndGlobalSection
EndGlobal
